
Microsoft Visual Studio Solution File, Format Version 11.00
# Visual Studio 2010
Project("{FAE04EC0-301F-11D3-BF4B-00C04F79EFBC}") = "YAEM.Contracts", "ServiceModel\YAEM.Contracts\YAEM.Contracts.csproj", "{58711D0F-99B7-4461-857F-96880DA462FC}"
EndProject
Project("{FAE04EC0-301F-11D3-BF4B-00C04F79EFBC}") = "YAEM.Domain", "DomainModel\YAEM.Domain\YAEM.Domain.csproj", "{E30F4730-2370-4961-A9EC-5FA3F459D549}"
EndProject
Project("{2150E333-8FDC-42A3-9474-1A3956D46DE8}") = "Solution Items", "Solution Items", "{B3E7F52E-CD67-42BD-A203-84D4FCBBF7E3}"
	ProjectSection(SolutionItems) = preProject
		Local.testsettings = Local.testsettings
		Settings.StyleCop = Settings.StyleCop
		TraceAndTestImpact.testsettings = TraceAndTestImpact.testsettings
		YAEM.vsmdi = YAEM.vsmdi
	EndProjectSection
EndProject
Project("{2150E333-8FDC-42A3-9474-1A3956D46DE8}") = "ServiceModel", "ServiceModel", "{25D36DAA-6B84-414D-BA64-0528CB49E2F4}"
EndProject
Project("{2150E333-8FDC-42A3-9474-1A3956D46DE8}") = "Server", "Server", "{083FEE64-8E5F-41EB-B6A7-8CD0D684CCA9}"
EndProject
Project("{2150E333-8FDC-42A3-9474-1A3956D46DE8}") = "Clients", "Clients", "{06EDF403-21A2-41B6-AA5B-40516B412273}"
EndProject
Project("{FAE04EC0-301F-11D3-BF4B-00C04F79EFBC}") = "YAEM.TestClient", "Clients\YAEM.TestClient\YAEM.TestClient.csproj", "{92CAB138-FA78-42F0-AE2C-B0E085675859}"
EndProject
Project("{FAE04EC0-301F-11D3-BF4B-00C04F79EFBC}") = "YAEM.Domain.SL", "DomainModel\YAEM.Domain.SL\YAEM.Domain.SL.csproj", "{779A1D0F-AB67-45D4-B61E-24ED41E20266}"
EndProject
Project("{FAE04EC0-301F-11D3-BF4B-00C04F79EFBC}") = "YAEM.DesktopClient", "Clients\YAEM.DesktopClient\YAEM.DesktopClient.csproj", "{891B7D30-BA1F-4975-B6CC-718929247234}"
EndProject
Project("{2150E333-8FDC-42A3-9474-1A3956D46DE8}") = "Crypto", "Crypto", "{0852B3D2-3970-416E-B96C-844BD903DF91}"
EndProject
Project("{FAE04EC0-301F-11D3-BF4B-00C04F79EFBC}") = "YAEM.Crypto", "Crypto\YAEM.Crypto\YAEM.Crypto.csproj", "{BFD598EC-AF7A-4691-95D0-60302218CDF6}"
EndProject
Project("{FAE04EC0-301F-11D3-BF4B-00C04F79EFBC}") = "YAEM.Crypto.TripleDES", "Crypto\YAEM.Crypto.TripleDES\YAEM.Crypto.TripleDES.csproj", "{830D4E46-E0F7-4104-9287-5D352BF59E3F}"
EndProject
Project("{FAE04EC0-301F-11D3-BF4B-00C04F79EFBC}") = "YAEM.Crypto.Aes", "Crypto\YAEM.Crypto.Aes\YAEM.Crypto.Aes.csproj", "{3F47CE84-DC17-42EB-ADD0-5C67292A6174}"
EndProject
Project("{2150E333-8FDC-42A3-9474-1A3956D46DE8}") = "DomainModel", "DomainModel", "{66D08B0D-FA48-498B-B535-CA5C8491E8D4}"
EndProject
Project("{FAE04EC0-301F-11D3-BF4B-00C04F79EFBC}") = "YAEM.Server", "Server\YAEM.Server\YAEM.Server.csproj", "{9ECE5E0A-E811-4CD6-A31E-BEFAE3520C8F}"
EndProject
Project("{FAE04EC0-301F-11D3-BF4B-00C04F79EFBC}") = "YAEM.Crypto.Rijndael", "Crypto\YAEM.Crypto.Rijndael\YAEM.Crypto.Rijndael.csproj", "{53846CDC-A3AE-4F7C-AB8C-F5FFF915DAC7}"
EndProject
Project("{2150E333-8FDC-42A3-9474-1A3956D46DE8}") = "Tests", "Tests", "{087C34C0-A1B4-49C4-9715-1279962F963B}"
EndProject
Project("{FAE04EC0-301F-11D3-BF4B-00C04F79EFBC}") = "YAEM.Domain.Tests", "Tests\YAEM.Domain.Tests\YAEM.Domain.Tests.csproj", "{CB53D05C-958A-42C6-A149-8D3C127EDCBC}"
EndProject
Project("{2150E333-8FDC-42A3-9474-1A3956D46DE8}") = "Tests", "Tests", "{0E6ECBF9-C90A-4FA1-A526-3E5E586B31D3}"
EndProject
Project("{FAE04EC0-301F-11D3-BF4B-00C04F79EFBC}") = "YAEM.Server.Tests", "Tests\YAEM.Server.Tests\YAEM.Server.Tests.csproj", "{DBB21A1D-4DC3-4CCB-8EBC-8DC54BC150CC}"
EndProject
Project("{2150E333-8FDC-42A3-9474-1A3956D46DE8}") = "Tests", "Tests", "{321DAF1F-85E7-405E-8543-56B506CB9D81}"
EndProject
Project("{FAE04EC0-301F-11D3-BF4B-00C04F79EFBC}") = "YAEM.Contracts.Tests", "Tests\YAEM.Contracts.Tests\YAEM.Contracts.Tests.csproj", "{76BD7628-87C7-41D7-BE8D-6635047E5FCB}"
EndProject
Project("{2150E333-8FDC-42A3-9474-1A3956D46DE8}") = "Tests", "Tests", "{FD71D911-25A4-4E31-9728-13469D0D031D}"
EndProject
Project("{FAE04EC0-301F-11D3-BF4B-00C04F79EFBC}") = "YAEM.Crypto.Tests", "Tests\YAEM.Crypto.Tests\YAEM.Crypto.Tests.csproj", "{75B6D99F-DF84-4EC3-BE83-38860EE67827}"
EndProject
Project("{FAE04EC0-301F-11D3-BF4B-00C04F79EFBC}") = "YAEM.Crypto.Aes.Tests", "Tests\YAEM.Crypto.Aes.Tests\YAEM.Crypto.Aes.Tests.csproj", "{9E129CAA-B3F3-49AE-BDF0-F150169F6689}"
EndProject
Project("{FAE04EC0-301F-11D3-BF4B-00C04F79EFBC}") = "YAEM.Crypto.TripleDES.Tests", "Tests\YAEM.Crypto.TripleDES.Tests\YAEM.Crypto.TripleDES.Tests.csproj", "{3DE9879A-2F8D-469F-8F23-BBED11B58E40}"
EndProject
Project("{FAE04EC0-301F-11D3-BF4B-00C04F79EFBC}") = "YAEM.Crypto.Rijndael.Tests", "Tests\YAEM.Crypto.Rijndael.Tests\YAEM.Crypto.Rijndael.Tests.csproj", "{BBEADB59-3622-4550-A2FF-450BD3E72EFE}"
EndProject
Project("{2150E333-8FDC-42A3-9474-1A3956D46DE8}") = "Tests", "Tests", "{1367A598-3FA3-42FB-9C19-28A4D5D4960C}"
EndProject
Project("{FAE04EC0-301F-11D3-BF4B-00C04F79EFBC}") = "YAEM.DesktopClient.Tests", "Tests\YAEM.DesktopClient.Tests\YAEM.DesktopClient.Tests.csproj", "{A59018A5-22AB-4CE4-AA89-6907A518DF3D}"
EndProject
Project("{FAE04EC0-301F-11D3-BF4B-00C04F79EFBC}") = "YAEM.MobileClient", "Clients\YAEM.MobileClient\YAEM.MobileClient.csproj", "{D7921A71-A8FD-4D83-91FB-1F172A512A63}"
EndProject
Project("{2150E333-8FDC-42A3-9474-1A3956D46DE8}") = "AcceptanceTests", "AcceptanceTests", "{3BA74486-23AB-491F-B132-63E7D39DBD71}"
EndProject
Project("{FAE04EC0-301F-11D3-BF4B-00C04F79EFBC}") = "YAEM.AcceptanceTests", "Tests\YAEM.AcceptanceTests\YAEM.AcceptanceTests.csproj", "{D0F3356E-A7F8-490C-937E-042DB08E1AF2}"
EndProject
Global
	GlobalSection(TestCaseManagementSettings) = postSolution
		CategoryFile = YAEM.vsmdi
	EndGlobalSection
	GlobalSection(SolutionConfigurationPlatforms) = preSolution
		Debug|Any CPU = Debug|Any CPU
		Debug|Mixed Platforms = Debug|Mixed Platforms
		Debug|x86 = Debug|x86
		Release|Any CPU = Release|Any CPU
		Release|Mixed Platforms = Release|Mixed Platforms
		Release|x86 = Release|x86
	EndGlobalSection
	GlobalSection(ProjectConfigurationPlatforms) = postSolution
		{58711D0F-99B7-4461-857F-96880DA462FC}.Debug|Any CPU.ActiveCfg = Debug|Any CPU
		{58711D0F-99B7-4461-857F-96880DA462FC}.Debug|Any CPU.Build.0 = Debug|Any CPU
		{58711D0F-99B7-4461-857F-96880DA462FC}.Debug|Mixed Platforms.ActiveCfg = Debug|Any CPU
		{58711D0F-99B7-4461-857F-96880DA462FC}.Debug|Mixed Platforms.Build.0 = Debug|Any CPU
		{58711D0F-99B7-4461-857F-96880DA462FC}.Debug|x86.ActiveCfg = Debug|Any CPU
		{58711D0F-99B7-4461-857F-96880DA462FC}.Release|Any CPU.ActiveCfg = Release|Any CPU
		{58711D0F-99B7-4461-857F-96880DA462FC}.Release|Any CPU.Build.0 = Release|Any CPU
		{58711D0F-99B7-4461-857F-96880DA462FC}.Release|Mixed Platforms.ActiveCfg = Release|Any CPU
		{58711D0F-99B7-4461-857F-96880DA462FC}.Release|Mixed Platforms.Build.0 = Release|Any CPU
		{58711D0F-99B7-4461-857F-96880DA462FC}.Release|x86.ActiveCfg = Release|Any CPU
		{E30F4730-2370-4961-A9EC-5FA3F459D549}.Debug|Any CPU.ActiveCfg = Debug|Any CPU
		{E30F4730-2370-4961-A9EC-5FA3F459D549}.Debug|Any CPU.Build.0 = Debug|Any CPU
		{E30F4730-2370-4961-A9EC-5FA3F459D549}.Debug|Mixed Platforms.ActiveCfg = Debug|Any CPU
		{E30F4730-2370-4961-A9EC-5FA3F459D549}.Debug|Mixed Platforms.Build.0 = Debug|Any CPU
		{E30F4730-2370-4961-A9EC-5FA3F459D549}.Debug|x86.ActiveCfg = Debug|Any CPU
		{E30F4730-2370-4961-A9EC-5FA3F459D549}.Release|Any CPU.ActiveCfg = Release|Any CPU
		{E30F4730-2370-4961-A9EC-5FA3F459D549}.Release|Any CPU.Build.0 = Release|Any CPU
		{E30F4730-2370-4961-A9EC-5FA3F459D549}.Release|Mixed Platforms.ActiveCfg = Release|Any CPU
		{E30F4730-2370-4961-A9EC-5FA3F459D549}.Release|Mixed Platforms.Build.0 = Release|Any CPU
		{E30F4730-2370-4961-A9EC-5FA3F459D549}.Release|x86.ActiveCfg = Release|Any CPU
		{92CAB138-FA78-42F0-AE2C-B0E085675859}.Debug|Any CPU.ActiveCfg = Debug|x86
		{92CAB138-FA78-42F0-AE2C-B0E085675859}.Debug|Mixed Platforms.ActiveCfg = Debug|x86
		{92CAB138-FA78-42F0-AE2C-B0E085675859}.Debug|Mixed Platforms.Build.0 = Debug|x86
		{92CAB138-FA78-42F0-AE2C-B0E085675859}.Debug|x86.ActiveCfg = Debug|x86
		{92CAB138-FA78-42F0-AE2C-B0E085675859}.Debug|x86.Build.0 = Debug|x86
		{92CAB138-FA78-42F0-AE2C-B0E085675859}.Release|Any CPU.ActiveCfg = Release|x86
		{92CAB138-FA78-42F0-AE2C-B0E085675859}.Release|Mixed Platforms.ActiveCfg = Release|x86
		{92CAB138-FA78-42F0-AE2C-B0E085675859}.Release|Mixed Platforms.Build.0 = Release|x86
		{92CAB138-FA78-42F0-AE2C-B0E085675859}.Release|x86.ActiveCfg = Release|x86
		{92CAB138-FA78-42F0-AE2C-B0E085675859}.Release|x86.Build.0 = Release|x86
		{779A1D0F-AB67-45D4-B61E-24ED41E20266}.Debug|Any CPU.ActiveCfg = Debug|Any CPU
		{779A1D0F-AB67-45D4-B61E-24ED41E20266}.Debug|Any CPU.Build.0 = Debug|Any CPU
		{779A1D0F-AB67-45D4-B61E-24ED41E20266}.Debug|Mixed Platforms.ActiveCfg = Debug|Any CPU
		{779A1D0F-AB67-45D4-B61E-24ED41E20266}.Debug|Mixed Platforms.Build.0 = Debug|Any CPU
		{779A1D0F-AB67-45D4-B61E-24ED41E20266}.Debug|x86.ActiveCfg = Debug|Any CPU
		{779A1D0F-AB67-45D4-B61E-24ED41E20266}.Release|Any CPU.ActiveCfg = Release|Any CPU
		{779A1D0F-AB67-45D4-B61E-24ED41E20266}.Release|Any CPU.Build.0 = Release|Any CPU
		{779A1D0F-AB67-45D4-B61E-24ED41E20266}.Release|Mixed Platforms.ActiveCfg = Release|Any CPU
		{779A1D0F-AB67-45D4-B61E-24ED41E20266}.Release|Mixed Platforms.Build.0 = Release|Any CPU
		{779A1D0F-AB67-45D4-B61E-24ED41E20266}.Release|x86.ActiveCfg = Release|Any CPU
		{891B7D30-BA1F-4975-B6CC-718929247234}.Debug|Any CPU.ActiveCfg = Debug|x86
		{891B7D30-BA1F-4975-B6CC-718929247234}.Debug|Mixed Platforms.ActiveCfg = Debug|x86
		{891B7D30-BA1F-4975-B6CC-718929247234}.Debug|Mixed Platforms.Build.0 = Debug|x86
		{891B7D30-BA1F-4975-B6CC-718929247234}.Debug|x86.ActiveCfg = Debug|x86
		{891B7D30-BA1F-4975-B6CC-718929247234}.Debug|x86.Build.0 = Debug|x86
		{891B7D30-BA1F-4975-B6CC-718929247234}.Release|Any CPU.ActiveCfg = Release|x86
		{891B7D30-BA1F-4975-B6CC-718929247234}.Release|Mixed Platforms.ActiveCfg = Release|x86
		{891B7D30-BA1F-4975-B6CC-718929247234}.Release|Mixed Platforms.Build.0 = Release|x86
		{891B7D30-BA1F-4975-B6CC-718929247234}.Release|x86.ActiveCfg = Release|x86
		{891B7D30-BA1F-4975-B6CC-718929247234}.Release|x86.Build.0 = Release|x86
		{BFD598EC-AF7A-4691-95D0-60302218CDF6}.Debug|Any CPU.ActiveCfg = Debug|Any CPU
		{BFD598EC-AF7A-4691-95D0-60302218CDF6}.Debug|Any CPU.Build.0 = Debug|Any CPU
		{BFD598EC-AF7A-4691-95D0-60302218CDF6}.Debug|Mixed Platforms.ActiveCfg = Debug|Any CPU
		{BFD598EC-AF7A-4691-95D0-60302218CDF6}.Debug|Mixed Platforms.Build.0 = Debug|Any CPU
		{BFD598EC-AF7A-4691-95D0-60302218CDF6}.Debug|x86.ActiveCfg = Debug|Any CPU
		{BFD598EC-AF7A-4691-95D0-60302218CDF6}.Release|Any CPU.ActiveCfg = Release|Any CPU
		{BFD598EC-AF7A-4691-95D0-60302218CDF6}.Release|Any CPU.Build.0 = Release|Any CPU
		{BFD598EC-AF7A-4691-95D0-60302218CDF6}.Release|Mixed Platforms.ActiveCfg = Release|Any CPU
		{BFD598EC-AF7A-4691-95D0-60302218CDF6}.Release|Mixed Platforms.Build.0 = Release|Any CPU
		{BFD598EC-AF7A-4691-95D0-60302218CDF6}.Release|x86.ActiveCfg = Release|Any CPU
		{830D4E46-E0F7-4104-9287-5D352BF59E3F}.Debug|Any CPU.ActiveCfg = Debug|Any CPU
		{830D4E46-E0F7-4104-9287-5D352BF59E3F}.Debug|Any CPU.Build.0 = Debug|Any CPU
		{830D4E46-E0F7-4104-9287-5D352BF59E3F}.Debug|Mixed Platforms.ActiveCfg = Debug|Any CPU
		{830D4E46-E0F7-4104-9287-5D352BF59E3F}.Debug|Mixed Platforms.Build.0 = Debug|Any CPU
		{830D4E46-E0F7-4104-9287-5D352BF59E3F}.Debug|x86.ActiveCfg = Debug|Any CPU
		{830D4E46-E0F7-4104-9287-5D352BF59E3F}.Release|Any CPU.ActiveCfg = Release|Any CPU
		{830D4E46-E0F7-4104-9287-5D352BF59E3F}.Release|Any CPU.Build.0 = Release|Any CPU
		{830D4E46-E0F7-4104-9287-5D352BF59E3F}.Release|Mixed Platforms.ActiveCfg = Release|Any CPU
		{830D4E46-E0F7-4104-9287-5D352BF59E3F}.Release|Mixed Platforms.Build.0 = Release|Any CPU
		{830D4E46-E0F7-4104-9287-5D352BF59E3F}.Release|x86.ActiveCfg = Release|Any CPU
		{3F47CE84-DC17-42EB-ADD0-5C67292A6174}.Debug|Any CPU.ActiveCfg = Debug|Any CPU
		{3F47CE84-DC17-42EB-ADD0-5C67292A6174}.Debug|Any CPU.Build.0 = Debug|Any CPU
		{3F47CE84-DC17-42EB-ADD0-5C67292A6174}.Debug|Mixed Platforms.ActiveCfg = Debug|Any CPU
		{3F47CE84-DC17-42EB-ADD0-5C67292A6174}.Debug|Mixed Platforms.Build.0 = Debug|Any CPU
		{3F47CE84-DC17-42EB-ADD0-5C67292A6174}.Debug|x86.ActiveCfg = Debug|Any CPU
		{3F47CE84-DC17-42EB-ADD0-5C67292A6174}.Release|Any CPU.ActiveCfg = Release|Any CPU
		{3F47CE84-DC17-42EB-ADD0-5C67292A6174}.Release|Any CPU.Build.0 = Release|Any CPU
		{3F47CE84-DC17-42EB-ADD0-5C67292A6174}.Release|Mixed Platforms.ActiveCfg = Release|Any CPU
		{3F47CE84-DC17-42EB-ADD0-5C67292A6174}.Release|Mixed Platforms.Build.0 = Release|Any CPU
		{3F47CE84-DC17-42EB-ADD0-5C67292A6174}.Release|x86.ActiveCfg = Release|Any CPU
		{9ECE5E0A-E811-4CD6-A31E-BEFAE3520C8F}.Debug|Any CPU.ActiveCfg = Debug|x86
		{9ECE5E0A-E811-4CD6-A31E-BEFAE3520C8F}.Debug|Mixed Platforms.ActiveCfg = Debug|x86
		{9ECE5E0A-E811-4CD6-A31E-BEFAE3520C8F}.Debug|Mixed Platforms.Build.0 = Debug|x86
		{9ECE5E0A-E811-4CD6-A31E-BEFAE3520C8F}.Debug|x86.ActiveCfg = Debug|x86
		{9ECE5E0A-E811-4CD6-A31E-BEFAE3520C8F}.Debug|x86.Build.0 = Debug|x86
		{9ECE5E0A-E811-4CD6-A31E-BEFAE3520C8F}.Release|Any CPU.ActiveCfg = Release|x86
		{9ECE5E0A-E811-4CD6-A31E-BEFAE3520C8F}.Release|Mixed Platforms.ActiveCfg = Release|x86
		{9ECE5E0A-E811-4CD6-A31E-BEFAE3520C8F}.Release|Mixed Platforms.Build.0 = Release|x86
		{9ECE5E0A-E811-4CD6-A31E-BEFAE3520C8F}.Release|x86.ActiveCfg = Release|x86
		{9ECE5E0A-E811-4CD6-A31E-BEFAE3520C8F}.Release|x86.Build.0 = Release|x86
		{53846CDC-A3AE-4F7C-AB8C-F5FFF915DAC7}.Debug|Any CPU.ActiveCfg = Debug|Any CPU
		{53846CDC-A3AE-4F7C-AB8C-F5FFF915DAC7}.Debug|Any CPU.Build.0 = Debug|Any CPU
		{53846CDC-A3AE-4F7C-AB8C-F5FFF915DAC7}.Debug|Mixed Platforms.ActiveCfg = Debug|Any CPU
		{53846CDC-A3AE-4F7C-AB8C-F5FFF915DAC7}.Debug|Mixed Platforms.Build.0 = Debug|Any CPU
		{53846CDC-A3AE-4F7C-AB8C-F5FFF915DAC7}.Debug|x86.ActiveCfg = Debug|Any CPU
		{53846CDC-A3AE-4F7C-AB8C-F5FFF915DAC7}.Release|Any CPU.ActiveCfg = Release|Any CPU
		{53846CDC-A3AE-4F7C-AB8C-F5FFF915DAC7}.Release|Any CPU.Build.0 = Release|Any CPU
		{53846CDC-A3AE-4F7C-AB8C-F5FFF915DAC7}.Release|Mixed Platforms.ActiveCfg = Release|Any CPU
		{53846CDC-A3AE-4F7C-AB8C-F5FFF915DAC7}.Release|Mixed Platforms.Build.0 = Release|Any CPU
		{53846CDC-A3AE-4F7C-AB8C-F5FFF915DAC7}.Release|x86.ActiveCfg = Release|Any CPU
		{CB53D05C-958A-42C6-A149-8D3C127EDCBC}.Debug|Any CPU.ActiveCfg = Debug|Any CPU
		{CB53D05C-958A-42C6-A149-8D3C127EDCBC}.Debug|Any CPU.Build.0 = Debug|Any CPU
		{CB53D05C-958A-42C6-A149-8D3C127EDCBC}.Debug|Mixed Platforms.ActiveCfg = Debug|Any CPU
		{CB53D05C-958A-42C6-A149-8D3C127EDCBC}.Debug|Mixed Platforms.Build.0 = Debug|Any CPU
		{CB53D05C-958A-42C6-A149-8D3C127EDCBC}.Debug|x86.ActiveCfg = Debug|Any CPU
		{CB53D05C-958A-42C6-A149-8D3C127EDCBC}.Release|Any CPU.ActiveCfg = Release|Any CPU
		{CB53D05C-958A-42C6-A149-8D3C127EDCBC}.Release|Any CPU.Build.0 = Release|Any CPU
		{CB53D05C-958A-42C6-A149-8D3C127EDCBC}.Release|Mixed Platforms.ActiveCfg = Release|Any CPU
		{CB53D05C-958A-42C6-A149-8D3C127EDCBC}.Release|Mixed Platforms.Build.0 = Release|Any CPU
		{CB53D05C-958A-42C6-A149-8D3C127EDCBC}.Release|x86.ActiveCfg = Release|Any CPU
		{DBB21A1D-4DC3-4CCB-8EBC-8DC54BC150CC}.Debug|Any CPU.ActiveCfg = Debug|Any CPU
		{DBB21A1D-4DC3-4CCB-8EBC-8DC54BC150CC}.Debug|Any CPU.Build.0 = Debug|Any CPU
		{DBB21A1D-4DC3-4CCB-8EBC-8DC54BC150CC}.Debug|Mixed Platforms.ActiveCfg = Debug|Any CPU
		{DBB21A1D-4DC3-4CCB-8EBC-8DC54BC150CC}.Debug|Mixed Platforms.Build.0 = Debug|Any CPU
		{DBB21A1D-4DC3-4CCB-8EBC-8DC54BC150CC}.Debug|x86.ActiveCfg = Debug|Any CPU
		{DBB21A1D-4DC3-4CCB-8EBC-8DC54BC150CC}.Release|Any CPU.ActiveCfg = Release|Any CPU
		{DBB21A1D-4DC3-4CCB-8EBC-8DC54BC150CC}.Release|Any CPU.Build.0 = Release|Any CPU
		{DBB21A1D-4DC3-4CCB-8EBC-8DC54BC150CC}.Release|Mixed Platforms.ActiveCfg = Release|Any CPU
		{DBB21A1D-4DC3-4CCB-8EBC-8DC54BC150CC}.Release|Mixed Platforms.Build.0 = Release|Any CPU
		{DBB21A1D-4DC3-4CCB-8EBC-8DC54BC150CC}.Release|x86.ActiveCfg = Release|Any CPU
		{76BD7628-87C7-41D7-BE8D-6635047E5FCB}.Debug|Any CPU.ActiveCfg = Debug|Any CPU
		{76BD7628-87C7-41D7-BE8D-6635047E5FCB}.Debug|Any CPU.Build.0 = Debug|Any CPU
		{76BD7628-87C7-41D7-BE8D-6635047E5FCB}.Debug|Mixed Platforms.ActiveCfg = Debug|Any CPU
		{76BD7628-87C7-41D7-BE8D-6635047E5FCB}.Debug|Mixed Platforms.Build.0 = Debug|Any CPU
		{76BD7628-87C7-41D7-BE8D-6635047E5FCB}.Debug|x86.ActiveCfg = Debug|Any CPU
		{76BD7628-87C7-41D7-BE8D-6635047E5FCB}.Release|Any CPU.ActiveCfg = Release|Any CPU
		{76BD7628-87C7-41D7-BE8D-6635047E5FCB}.Release|Any CPU.Build.0 = Release|Any CPU
		{76BD7628-87C7-41D7-BE8D-6635047E5FCB}.Release|Mixed Platforms.ActiveCfg = Release|Any CPU
		{76BD7628-87C7-41D7-BE8D-6635047E5FCB}.Release|Mixed Platforms.Build.0 = Release|Any CPU
		{76BD7628-87C7-41D7-BE8D-6635047E5FCB}.Release|x86.ActiveCfg = Release|Any CPU
		{75B6D99F-DF84-4EC3-BE83-38860EE67827}.Debug|Any CPU.ActiveCfg = Debug|Any CPU
		{75B6D99F-DF84-4EC3-BE83-38860EE67827}.Debug|Any CPU.Build.0 = Debug|Any CPU
		{75B6D99F-DF84-4EC3-BE83-38860EE67827}.Debug|Mixed Platforms.ActiveCfg = Debug|Any CPU
		{75B6D99F-DF84-4EC3-BE83-38860EE67827}.Debug|Mixed Platforms.Build.0 = Debug|Any CPU
		{75B6D99F-DF84-4EC3-BE83-38860EE67827}.Debug|x86.ActiveCfg = Debug|Any CPU
		{75B6D99F-DF84-4EC3-BE83-38860EE67827}.Release|Any CPU.ActiveCfg = Release|Any CPU
		{75B6D99F-DF84-4EC3-BE83-38860EE67827}.Release|Any CPU.Build.0 = Release|Any CPU
		{75B6D99F-DF84-4EC3-BE83-38860EE67827}.Release|Mixed Platforms.ActiveCfg = Release|Any CPU
		{75B6D99F-DF84-4EC3-BE83-38860EE67827}.Release|Mixed Platforms.Build.0 = Release|Any CPU
		{75B6D99F-DF84-4EC3-BE83-38860EE67827}.Release|x86.ActiveCfg = Release|Any CPU
		{9E129CAA-B3F3-49AE-BDF0-F150169F6689}.Debug|Any CPU.ActiveCfg = Debug|Any CPU
		{9E129CAA-B3F3-49AE-BDF0-F150169F6689}.Debug|Any CPU.Build.0 = Debug|Any CPU
		{9E129CAA-B3F3-49AE-BDF0-F150169F6689}.Debug|Mixed Platforms.ActiveCfg = Debug|Any CPU
		{9E129CAA-B3F3-49AE-BDF0-F150169F6689}.Debug|Mixed Platforms.Build.0 = Debug|Any CPU
		{9E129CAA-B3F3-49AE-BDF0-F150169F6689}.Debug|x86.ActiveCfg = Debug|Any CPU
		{9E129CAA-B3F3-49AE-BDF0-F150169F6689}.Release|Any CPU.ActiveCfg = Release|Any CPU
		{9E129CAA-B3F3-49AE-BDF0-F150169F6689}.Release|Any CPU.Build.0 = Release|Any CPU
		{9E129CAA-B3F3-49AE-BDF0-F150169F6689}.Release|Mixed Platforms.ActiveCfg = Release|Any CPU
		{9E129CAA-B3F3-49AE-BDF0-F150169F6689}.Release|Mixed Platforms.Build.0 = Release|Any CPU
		{9E129CAA-B3F3-49AE-BDF0-F150169F6689}.Release|x86.ActiveCfg = Release|Any CPU
		{3DE9879A-2F8D-469F-8F23-BBED11B58E40}.Debug|Any CPU.ActiveCfg = Debug|Any CPU
		{3DE9879A-2F8D-469F-8F23-BBED11B58E40}.Debug|Any CPU.Build.0 = Debug|Any CPU
		{3DE9879A-2F8D-469F-8F23-BBED11B58E40}.Debug|Mixed Platforms.ActiveCfg = Debug|Any CPU
		{3DE9879A-2F8D-469F-8F23-BBED11B58E40}.Debug|Mixed Platforms.Build.0 = Debug|Any CPU
		{3DE9879A-2F8D-469F-8F23-BBED11B58E40}.Debug|x86.ActiveCfg = Debug|Any CPU
		{3DE9879A-2F8D-469F-8F23-BBED11B58E40}.Release|Any CPU.ActiveCfg = Release|Any CPU
		{3DE9879A-2F8D-469F-8F23-BBED11B58E40}.Release|Any CPU.Build.0 = Release|Any CPU
		{3DE9879A-2F8D-469F-8F23-BBED11B58E40}.Release|Mixed Platforms.ActiveCfg = Release|Any CPU
		{3DE9879A-2F8D-469F-8F23-BBED11B58E40}.Release|Mixed Platforms.Build.0 = Release|Any CPU
		{3DE9879A-2F8D-469F-8F23-BBED11B58E40}.Release|x86.ActiveCfg = Release|Any CPU
		{BBEADB59-3622-4550-A2FF-450BD3E72EFE}.Debug|Any CPU.ActiveCfg = Debug|Any CPU
		{BBEADB59-3622-4550-A2FF-450BD3E72EFE}.Debug|Any CPU.Build.0 = Debug|Any CPU
		{BBEADB59-3622-4550-A2FF-450BD3E72EFE}.Debug|Mixed Platforms.ActiveCfg = Debug|Any CPU
		{BBEADB59-3622-4550-A2FF-450BD3E72EFE}.Debug|Mixed Platforms.Build.0 = Debug|Any CPU
		{BBEADB59-3622-4550-A2FF-450BD3E72EFE}.Debug|x86.ActiveCfg = Debug|Any CPU
		{BBEADB59-3622-4550-A2FF-450BD3E72EFE}.Release|Any CPU.ActiveCfg = Release|Any CPU
		{BBEADB59-3622-4550-A2FF-450BD3E72EFE}.Release|Any CPU.Build.0 = Release|Any CPU
		{BBEADB59-3622-4550-A2FF-450BD3E72EFE}.Release|Mixed Platforms.ActiveCfg = Release|Any CPU
		{BBEADB59-3622-4550-A2FF-450BD3E72EFE}.Release|Mixed Platforms.Build.0 = Release|Any CPU
		{BBEADB59-3622-4550-A2FF-450BD3E72EFE}.Release|x86.ActiveCfg = Release|Any CPU
		{A59018A5-22AB-4CE4-AA89-6907A518DF3D}.Debug|Any CPU.ActiveCfg = Debug|Any CPU
		{A59018A5-22AB-4CE4-AA89-6907A518DF3D}.Debug|Any CPU.Build.0 = Debug|Any CPU
		{A59018A5-22AB-4CE4-AA89-6907A518DF3D}.Debug|Mixed Platforms.ActiveCfg = Debug|Any CPU
		{A59018A5-22AB-4CE4-AA89-6907A518DF3D}.Debug|Mixed Platforms.Build.0 = Debug|Any CPU
		{A59018A5-22AB-4CE4-AA89-6907A518DF3D}.Debug|x86.ActiveCfg = Debug|Any CPU
		{A59018A5-22AB-4CE4-AA89-6907A518DF3D}.Release|Any CPU.ActiveCfg = Release|Any CPU
		{A59018A5-22AB-4CE4-AA89-6907A518DF3D}.Release|Any CPU.Build.0 = Release|Any CPU
		{A59018A5-22AB-4CE4-AA89-6907A518DF3D}.Release|Mixed Platforms.ActiveCfg = Release|Any CPU
		{A59018A5-22AB-4CE4-AA89-6907A518DF3D}.Release|Mixed Platforms.Build.0 = Release|Any CPU
		{A59018A5-22AB-4CE4-AA89-6907A518DF3D}.Release|x86.ActiveCfg = Release|Any CPU
		{D7921A71-A8FD-4D83-91FB-1F172A512A63}.Debug|Any CPU.ActiveCfg = Debug|Any CPU
		{D7921A71-A8FD-4D83-91FB-1F172A512A63}.Debug|Any CPU.Build.0 = Debug|Any CPU
		{D7921A71-A8FD-4D83-91FB-1F172A512A63}.Debug|Any CPU.Deploy.0 = Debug|Any CPU
		{D7921A71-A8FD-4D83-91FB-1F172A512A63}.Debug|Mixed Platforms.ActiveCfg = Debug|Any CPU
		{D7921A71-A8FD-4D83-91FB-1F172A512A63}.Debug|Mixed Platforms.Build.0 = Debug|Any CPU
		{D7921A71-A8FD-4D83-91FB-1F172A512A63}.Debug|Mixed Platforms.Deploy.0 = Debug|Any CPU
		{D7921A71-A8FD-4D83-91FB-1F172A512A63}.Debug|x86.ActiveCfg = Debug|Any CPU
		{D7921A71-A8FD-4D83-91FB-1F172A512A63}.Release|Any CPU.ActiveCfg = Release|Any CPU
		{D7921A71-A8FD-4D83-91FB-1F172A512A63}.Release|Any CPU.Build.0 = Release|Any CPU
		{D7921A71-A8FD-4D83-91FB-1F172A512A63}.Release|Any CPU.Deploy.0 = Release|Any CPU
		{D7921A71-A8FD-4D83-91FB-1F172A512A63}.Release|Mixed Platforms.ActiveCfg = Release|Any CPU
		{D7921A71-A8FD-4D83-91FB-1F172A512A63}.Release|Mixed Platforms.Build.0 = Release|Any CPU
		{D7921A71-A8FD-4D83-91FB-1F172A512A63}.Release|Mixed Platforms.Deploy.0 = Release|Any CPU
		{D7921A71-A8FD-4D83-91FB-1F172A512A63}.Release|x86.ActiveCfg = Release|Any CPU
		{D0F3356E-A7F8-490C-937E-042DB08E1AF2}.Debug|Any CPU.ActiveCfg = Debug|Any CPU
		{D0F3356E-A7F8-490C-937E-042DB08E1AF2}.Debug|Any CPU.Build.0 = Debug|Any CPU
		{D0F3356E-A7F8-490C-937E-042DB08E1AF2}.Debug|Mixed Platforms.ActiveCfg = Debug|Any CPU
		{D0F3356E-A7F8-490C-937E-042DB08E1AF2}.Debug|Mixed Platforms.Build.0 = Debug|Any CPU
		{D0F3356E-A7F8-490C-937E-042DB08E1AF2}.Debug|x86.ActiveCfg = Debug|Any CPU
		{D0F3356E-A7F8-490C-937E-042DB08E1AF2}.Release|Any CPU.ActiveCfg = Release|Any CPU
		{D0F3356E-A7F8-490C-937E-042DB08E1AF2}.Release|Any CPU.Build.0 = Release|Any CPU
		{D0F3356E-A7F8-490C-937E-042DB08E1AF2}.Release|Mixed Platforms.ActiveCfg = Release|Any CPU
		{D0F3356E-A7F8-490C-937E-042DB08E1AF2}.Release|Mixed Platforms.Build.0 = Release|Any CPU
		{D0F3356E-A7F8-490C-937E-042DB08E1AF2}.Release|x86.ActiveCfg = Release|Any CPU
	EndGlobalSection
	GlobalSection(SolutionProperties) = preSolution
		HideSolutionNode = FALSE
	EndGlobalSection
	GlobalSection(NestedProjects) = preSolution
		{58711D0F-99B7-4461-857F-96880DA462FC} = {25D36DAA-6B84-414D-BA64-0528CB49E2F4}
		{321DAF1F-85E7-405E-8543-56B506CB9D81} = {25D36DAA-6B84-414D-BA64-0528CB49E2F4}
		{779A1D0F-AB67-45D4-B61E-24ED41E20266} = {66D08B0D-FA48-498B-B535-CA5C8491E8D4}
		{E30F4730-2370-4961-A9EC-5FA3F459D549} = {66D08B0D-FA48-498B-B535-CA5C8491E8D4}
		{087C34C0-A1B4-49C4-9715-1279962F963B} = {66D08B0D-FA48-498B-B535-CA5C8491E8D4}
		{9ECE5E0A-E811-4CD6-A31E-BEFAE3520C8F} = {083FEE64-8E5F-41EB-B6A7-8CD0D684CCA9}
		{0E6ECBF9-C90A-4FA1-A526-3E5E586B31D3} = {083FEE64-8E5F-41EB-B6A7-8CD0D684CCA9}
		{92CAB138-FA78-42F0-AE2C-B0E085675859} = {06EDF403-21A2-41B6-AA5B-40516B412273}
		{891B7D30-BA1F-4975-B6CC-718929247234} = {06EDF403-21A2-41B6-AA5B-40516B412273}
		{1367A598-3FA3-42FB-9C19-28A4D5D4960C} = {06EDF403-21A2-41B6-AA5B-40516B412273}
		{D7921A71-A8FD-4D83-91FB-1F172A512A63} = {06EDF403-21A2-41B6-AA5B-40516B412273}
		{BFD598EC-AF7A-4691-95D0-60302218CDF6} = {0852B3D2-3970-416E-B96C-844BD903DF91}
		{830D4E46-E0F7-4104-9287-5D352BF59E3F} = {0852B3D2-3970-416E-B96C-844BD903DF91}
		{3F47CE84-DC17-42EB-ADD0-5C67292A6174} = {0852B3D2-3970-416E-B96C-844BD903DF91}
		{53846CDC-A3AE-4F7C-AB8C-F5FFF915DAC7} = {0852B3D2-3970-416E-B96C-844BD903DF91}
		{FD71D911-25A4-4E31-9728-13469D0D031D} = {0852B3D2-3970-416E-B96C-844BD903DF91}
		{CB53D05C-958A-42C6-A149-8D3C127EDCBC} = {087C34C0-A1B4-49C4-9715-1279962F963B}
		{DBB21A1D-4DC3-4CCB-8EBC-8DC54BC150CC} = {0E6ECBF9-C90A-4FA1-A526-3E5E586B31D3}
		{76BD7628-87C7-41D7-BE8D-6635047E5FCB} = {321DAF1F-85E7-405E-8543-56B506CB9D81}
		{75B6D99F-DF84-4EC3-BE83-38860EE67827} = {FD71D911-25A4-4E31-9728-13469D0D031D}
		{9E129CAA-B3F3-49AE-BDF0-F150169F6689} = {FD71D911-25A4-4E31-9728-13469D0D031D}
		{3DE9879A-2F8D-469F-8F23-BBED11B58E40} = {FD71D911-25A4-4E31-9728-13469D0D031D}
		{BBEADB59-3622-4550-A2FF-450BD3E72EFE} = {FD71D911-25A4-4E31-9728-13469D0D031D}
		{A59018A5-22AB-4CE4-AA89-6907A518DF3D} = {1367A598-3FA3-42FB-9C19-28A4D5D4960C}
		{D0F3356E-A7F8-490C-937E-042DB08E1AF2} = {3BA74486-23AB-491F-B132-63E7D39DBD71}
	EndGlobalSection
EndGlobal
