
Microsoft Visual Studio Solution File, Format Version 11.00
# Visual Studio 2010
Project("{FAE04EC0-301F-11D3-BF4B-00C04F79EFBC}") = "YAEM.Contracts", "ServiceModel\YAEM.Contracts\YAEM.Contracts.csproj", "{58711D0F-99B7-4461-857F-96880DA462FC}"
EndProject
Project("{FAE04EC0-301F-11D3-BF4B-00C04F79EFBC}") = "YAEM.Domain", "Domain\YAEM.Domain\YAEM.Domain.csproj", "{E30F4730-2370-4961-A9EC-5FA3F459D549}"
EndProject
Project("{FAE04EC0-301F-11D3-BF4B-00C04F79EFBC}") = "YAEM.Server.Tests", "Server\YAEM.Server.Tests\YAEM.Server.Tests.csproj", "{057F8614-06F2-40C6-B47C-ED5BAC214D0B}"
EndProject
Project("{2150E333-8FDC-42A3-9474-1A3956D46DE8}") = "Solution Items", "Solution Items", "{B3E7F52E-CD67-42BD-A203-84D4FCBBF7E3}"
EndProject
Project("{2150E333-8FDC-42A3-9474-1A3956D46DE8}") = "ServiceModel", "ServiceModel", "{25D36DAA-6B84-414D-BA64-0528CB49E2F4}"
EndProject
Project("{2150E333-8FDC-42A3-9474-1A3956D46DE8}") = "Server", "Server", "{083FEE64-8E5F-41EB-B6A7-8CD0D684CCA9}"
EndProject
Project("{2150E333-8FDC-42A3-9474-1A3956D46DE8}") = "Clients", "Clients", "{06EDF403-21A2-41B6-AA5B-40516B412273}"
EndProject
Project("{FAE04EC0-301F-11D3-BF4B-00C04F79EFBC}") = "YAEM.TestClient", "Clients\YAEM.TestClient\YAEM.TestClient.csproj", "{92CAB138-FA78-42F0-AE2C-B0E085675859}"
EndProject
Project("{FAE04EC0-301F-11D3-BF4B-00C04F79EFBC}") = "YAEM.MobileClient", "Clients\YAEM.MobileClient\YAEM.MobileClient.csproj", "{5183F818-E07D-4DAF-81E8-780EF39D3DE3}"
EndProject
Project("{FAE04EC0-301F-11D3-BF4B-00C04F79EFBC}") = "YAEM.Domain.SL", "Domain\YAEM.Domain.SL\YAEM.Domain.SL.csproj", "{779A1D0F-AB67-45D4-B61E-24ED41E20266}"
EndProject
Project("{FAE04EC0-301F-11D3-BF4B-00C04F79EFBC}") = "YAEM.DesktopClient", "Clients\YAEM.DesktopClient\YAEM.DesktopClient.csproj", "{891B7D30-BA1F-4975-B6CC-718929247234}"
EndProject
Project("{2150E333-8FDC-42A3-9474-1A3956D46DE8}") = "Crypto", "Crypto", "{0852B3D2-3970-416E-B96C-844BD903DF91}"
EndProject
Project("{FAE04EC0-301F-11D3-BF4B-00C04F79EFBC}") = "YAEM.Crypto", "Crypto\YAEM.Crypto\YAEM.Crypto.csproj", "{BFD598EC-AF7A-4691-95D0-60302218CDF6}"
EndProject
Project("{FAE04EC0-301F-11D3-BF4B-00C04F79EFBC}") = "YAEM.Crypto.TripleDES", "Crypto\YAEM.Crypto.TripleDES\YAEM.Crypto.TripleDES.csproj", "{830D4E46-E0F7-4104-9287-5D352BF59E3F}"
EndProject
Project("{FAE04EC0-301F-11D3-BF4B-00C04F79EFBC}") = "YAEM.Crypto.Blowfish", "Crypto\YAEM.Crypto.Blowfish\YAEM.Crypto.Blowfish.csproj", "{53846CDC-A3AE-4F7C-AB8C-F5FFF915DAC7}"
EndProject
Project("{FAE04EC0-301F-11D3-BF4B-00C04F79EFBC}") = "YAEM.Crypto.Aes", "Crypto\YAEM.Crypto.Aes\YAEM.Crypto.Aes.csproj", "{3F47CE84-DC17-42EB-ADD0-5C67292A6174}"
EndProject
Project("{2150E333-8FDC-42A3-9474-1A3956D46DE8}") = "Domain", "Domain", "{66D08B0D-FA48-498B-B535-CA5C8491E8D4}"
EndProject
Project("{FAE04EC0-301F-11D3-BF4B-00C04F79EFBC}") = "YAEM.Server", "Server\YAEM.Server\YAEM.Server.csproj", "{9ECE5E0A-E811-4CD6-A31E-BEFAE3520C8F}"
EndProject
Global
	GlobalSection(SolutionConfigurationPlatforms) = preSolution
		Debug|Any CPU = Debug|Any CPU
		Debug|Mixed Platforms = Debug|Mixed Platforms
		Debug|x86 = Debug|x86
		Release|Any CPU = Release|Any CPU
		Release|Mixed Platforms = Release|Mixed Platforms
		Release|x86 = Release|x86
	EndGlobalSection
	GlobalSection(ProjectConfigurationPlatforms) = postSolution
		{58711D0F-99B7-4461-857F-96880DA462FC}.Debug|Any CPU.ActiveCfg = Debug|Any CPU
		{58711D0F-99B7-4461-857F-96880DA462FC}.Debug|Any CPU.Build.0 = Debug|Any CPU
		{58711D0F-99B7-4461-857F-96880DA462FC}.Debug|Mixed Platforms.ActiveCfg = Debug|Any CPU
		{58711D0F-99B7-4461-857F-96880DA462FC}.Debug|Mixed Platforms.Build.0 = Debug|Any CPU
		{58711D0F-99B7-4461-857F-96880DA462FC}.Debug|x86.ActiveCfg = Debug|Any CPU
		{58711D0F-99B7-4461-857F-96880DA462FC}.Release|Any CPU.ActiveCfg = Release|Any CPU
		{58711D0F-99B7-4461-857F-96880DA462FC}.Release|Any CPU.Build.0 = Release|Any CPU
		{58711D0F-99B7-4461-857F-96880DA462FC}.Release|Mixed Platforms.ActiveCfg = Release|Any CPU
		{58711D0F-99B7-4461-857F-96880DA462FC}.Release|Mixed Platforms.Build.0 = Release|Any CPU
		{58711D0F-99B7-4461-857F-96880DA462FC}.Release|x86.ActiveCfg = Release|Any CPU
		{E30F4730-2370-4961-A9EC-5FA3F459D549}.Debug|Any CPU.ActiveCfg = Debug|Any CPU
		{E30F4730-2370-4961-A9EC-5FA3F459D549}.Debug|Any CPU.Build.0 = Debug|Any CPU
		{E30F4730-2370-4961-A9EC-5FA3F459D549}.Debug|Mixed Platforms.ActiveCfg = Debug|Any CPU
		{E30F4730-2370-4961-A9EC-5FA3F459D549}.Debug|Mixed Platforms.Build.0 = Debug|Any CPU
		{E30F4730-2370-4961-A9EC-5FA3F459D549}.Debug|x86.ActiveCfg = Debug|Any CPU
		{E30F4730-2370-4961-A9EC-5FA3F459D549}.Release|Any CPU.ActiveCfg = Release|Any CPU
		{E30F4730-2370-4961-A9EC-5FA3F459D549}.Release|Any CPU.Build.0 = Release|Any CPU
		{E30F4730-2370-4961-A9EC-5FA3F459D549}.Release|Mixed Platforms.ActiveCfg = Release|Any CPU
		{E30F4730-2370-4961-A9EC-5FA3F459D549}.Release|Mixed Platforms.Build.0 = Release|Any CPU
		{E30F4730-2370-4961-A9EC-5FA3F459D549}.Release|x86.ActiveCfg = Release|Any CPU
		{057F8614-06F2-40C6-B47C-ED5BAC214D0B}.Debug|Any CPU.ActiveCfg = Debug|Any CPU
		{057F8614-06F2-40C6-B47C-ED5BAC214D0B}.Debug|Any CPU.Build.0 = Debug|Any CPU
		{057F8614-06F2-40C6-B47C-ED5BAC214D0B}.Debug|Mixed Platforms.ActiveCfg = Debug|Any CPU
		{057F8614-06F2-40C6-B47C-ED5BAC214D0B}.Debug|Mixed Platforms.Build.0 = Debug|Any CPU
		{057F8614-06F2-40C6-B47C-ED5BAC214D0B}.Debug|x86.ActiveCfg = Debug|Any CPU
		{057F8614-06F2-40C6-B47C-ED5BAC214D0B}.Release|Any CPU.ActiveCfg = Release|Any CPU
		{057F8614-06F2-40C6-B47C-ED5BAC214D0B}.Release|Any CPU.Build.0 = Release|Any CPU
		{057F8614-06F2-40C6-B47C-ED5BAC214D0B}.Release|Mixed Platforms.ActiveCfg = Release|Any CPU
		{057F8614-06F2-40C6-B47C-ED5BAC214D0B}.Release|Mixed Platforms.Build.0 = Release|Any CPU
		{057F8614-06F2-40C6-B47C-ED5BAC214D0B}.Release|x86.ActiveCfg = Release|Any CPU
		{92CAB138-FA78-42F0-AE2C-B0E085675859}.Debug|Any CPU.ActiveCfg = Debug|x86
		{92CAB138-FA78-42F0-AE2C-B0E085675859}.Debug|Mixed Platforms.ActiveCfg = Debug|x86
		{92CAB138-FA78-42F0-AE2C-B0E085675859}.Debug|Mixed Platforms.Build.0 = Debug|x86
		{92CAB138-FA78-42F0-AE2C-B0E085675859}.Debug|x86.ActiveCfg = Debug|x86
		{92CAB138-FA78-42F0-AE2C-B0E085675859}.Debug|x86.Build.0 = Debug|x86
		{92CAB138-FA78-42F0-AE2C-B0E085675859}.Release|Any CPU.ActiveCfg = Release|x86
		{92CAB138-FA78-42F0-AE2C-B0E085675859}.Release|Mixed Platforms.ActiveCfg = Release|x86
		{92CAB138-FA78-42F0-AE2C-B0E085675859}.Release|Mixed Platforms.Build.0 = Release|x86
		{92CAB138-FA78-42F0-AE2C-B0E085675859}.Release|x86.ActiveCfg = Release|x86
		{92CAB138-FA78-42F0-AE2C-B0E085675859}.Release|x86.Build.0 = Release|x86
		{5183F818-E07D-4DAF-81E8-780EF39D3DE3}.Debug|Any CPU.ActiveCfg = Debug|Any CPU
		{5183F818-E07D-4DAF-81E8-780EF39D3DE3}.Debug|Any CPU.Build.0 = Debug|Any CPU
		{5183F818-E07D-4DAF-81E8-780EF39D3DE3}.Debug|Any CPU.Deploy.0 = Debug|Any CPU
		{5183F818-E07D-4DAF-81E8-780EF39D3DE3}.Debug|Mixed Platforms.ActiveCfg = Debug|Any CPU
		{5183F818-E07D-4DAF-81E8-780EF39D3DE3}.Debug|Mixed Platforms.Build.0 = Debug|Any CPU
		{5183F818-E07D-4DAF-81E8-780EF39D3DE3}.Debug|Mixed Platforms.Deploy.0 = Debug|Any CPU
		{5183F818-E07D-4DAF-81E8-780EF39D3DE3}.Debug|x86.ActiveCfg = Debug|Any CPU
		{5183F818-E07D-4DAF-81E8-780EF39D3DE3}.Release|Any CPU.ActiveCfg = Release|Any CPU
		{5183F818-E07D-4DAF-81E8-780EF39D3DE3}.Release|Any CPU.Build.0 = Release|Any CPU
		{5183F818-E07D-4DAF-81E8-780EF39D3DE3}.Release|Any CPU.Deploy.0 = Release|Any CPU
		{5183F818-E07D-4DAF-81E8-780EF39D3DE3}.Release|Mixed Platforms.ActiveCfg = Release|Any CPU
		{5183F818-E07D-4DAF-81E8-780EF39D3DE3}.Release|Mixed Platforms.Build.0 = Release|Any CPU
		{5183F818-E07D-4DAF-81E8-780EF39D3DE3}.Release|Mixed Platforms.Deploy.0 = Release|Any CPU
		{5183F818-E07D-4DAF-81E8-780EF39D3DE3}.Release|x86.ActiveCfg = Release|Any CPU
		{779A1D0F-AB67-45D4-B61E-24ED41E20266}.Debug|Any CPU.ActiveCfg = Debug|Any CPU
		{779A1D0F-AB67-45D4-B61E-24ED41E20266}.Debug|Any CPU.Build.0 = Debug|Any CPU
		{779A1D0F-AB67-45D4-B61E-24ED41E20266}.Debug|Mixed Platforms.ActiveCfg = Debug|Any CPU
		{779A1D0F-AB67-45D4-B61E-24ED41E20266}.Debug|Mixed Platforms.Build.0 = Debug|Any CPU
		{779A1D0F-AB67-45D4-B61E-24ED41E20266}.Debug|x86.ActiveCfg = Debug|Any CPU
		{779A1D0F-AB67-45D4-B61E-24ED41E20266}.Release|Any CPU.ActiveCfg = Release|Any CPU
		{779A1D0F-AB67-45D4-B61E-24ED41E20266}.Release|Any CPU.Build.0 = Release|Any CPU
		{779A1D0F-AB67-45D4-B61E-24ED41E20266}.Release|Mixed Platforms.ActiveCfg = Release|Any CPU
		{779A1D0F-AB67-45D4-B61E-24ED41E20266}.Release|Mixed Platforms.Build.0 = Release|Any CPU
		{779A1D0F-AB67-45D4-B61E-24ED41E20266}.Release|x86.ActiveCfg = Release|Any CPU
		{891B7D30-BA1F-4975-B6CC-718929247234}.Debug|Any CPU.ActiveCfg = Debug|x86
		{891B7D30-BA1F-4975-B6CC-718929247234}.Debug|Mixed Platforms.ActiveCfg = Debug|x86
		{891B7D30-BA1F-4975-B6CC-718929247234}.Debug|Mixed Platforms.Build.0 = Debug|x86
		{891B7D30-BA1F-4975-B6CC-718929247234}.Debug|x86.ActiveCfg = Debug|x86
		{891B7D30-BA1F-4975-B6CC-718929247234}.Debug|x86.Build.0 = Debug|x86
		{891B7D30-BA1F-4975-B6CC-718929247234}.Release|Any CPU.ActiveCfg = Release|x86
		{891B7D30-BA1F-4975-B6CC-718929247234}.Release|Mixed Platforms.ActiveCfg = Release|x86
		{891B7D30-BA1F-4975-B6CC-718929247234}.Release|Mixed Platforms.Build.0 = Release|x86
		{891B7D30-BA1F-4975-B6CC-718929247234}.Release|x86.ActiveCfg = Release|x86
		{891B7D30-BA1F-4975-B6CC-718929247234}.Release|x86.Build.0 = Release|x86
		{BFD598EC-AF7A-4691-95D0-60302218CDF6}.Debug|Any CPU.ActiveCfg = Debug|Any CPU
		{BFD598EC-AF7A-4691-95D0-60302218CDF6}.Debug|Any CPU.Build.0 = Debug|Any CPU
		{BFD598EC-AF7A-4691-95D0-60302218CDF6}.Debug|Mixed Platforms.ActiveCfg = Debug|Any CPU
		{BFD598EC-AF7A-4691-95D0-60302218CDF6}.Debug|Mixed Platforms.Build.0 = Debug|Any CPU
		{BFD598EC-AF7A-4691-95D0-60302218CDF6}.Debug|x86.ActiveCfg = Debug|Any CPU
		{BFD598EC-AF7A-4691-95D0-60302218CDF6}.Release|Any CPU.ActiveCfg = Release|Any CPU
		{BFD598EC-AF7A-4691-95D0-60302218CDF6}.Release|Any CPU.Build.0 = Release|Any CPU
		{BFD598EC-AF7A-4691-95D0-60302218CDF6}.Release|Mixed Platforms.ActiveCfg = Release|Any CPU
		{BFD598EC-AF7A-4691-95D0-60302218CDF6}.Release|Mixed Platforms.Build.0 = Release|Any CPU
		{BFD598EC-AF7A-4691-95D0-60302218CDF6}.Release|x86.ActiveCfg = Release|Any CPU
		{830D4E46-E0F7-4104-9287-5D352BF59E3F}.Debug|Any CPU.ActiveCfg = Debug|Any CPU
		{830D4E46-E0F7-4104-9287-5D352BF59E3F}.Debug|Any CPU.Build.0 = Debug|Any CPU
		{830D4E46-E0F7-4104-9287-5D352BF59E3F}.Debug|Mixed Platforms.ActiveCfg = Debug|Any CPU
		{830D4E46-E0F7-4104-9287-5D352BF59E3F}.Debug|Mixed Platforms.Build.0 = Debug|Any CPU
		{830D4E46-E0F7-4104-9287-5D352BF59E3F}.Debug|x86.ActiveCfg = Debug|Any CPU
		{830D4E46-E0F7-4104-9287-5D352BF59E3F}.Release|Any CPU.ActiveCfg = Release|Any CPU
		{830D4E46-E0F7-4104-9287-5D352BF59E3F}.Release|Any CPU.Build.0 = Release|Any CPU
		{830D4E46-E0F7-4104-9287-5D352BF59E3F}.Release|Mixed Platforms.ActiveCfg = Release|Any CPU
		{830D4E46-E0F7-4104-9287-5D352BF59E3F}.Release|Mixed Platforms.Build.0 = Release|Any CPU
		{830D4E46-E0F7-4104-9287-5D352BF59E3F}.Release|x86.ActiveCfg = Release|Any CPU
		{53846CDC-A3AE-4F7C-AB8C-F5FFF915DAC7}.Debug|Any CPU.ActiveCfg = Debug|Any CPU
		{53846CDC-A3AE-4F7C-AB8C-F5FFF915DAC7}.Debug|Any CPU.Build.0 = Debug|Any CPU
		{53846CDC-A3AE-4F7C-AB8C-F5FFF915DAC7}.Debug|Mixed Platforms.ActiveCfg = Debug|Any CPU
		{53846CDC-A3AE-4F7C-AB8C-F5FFF915DAC7}.Debug|Mixed Platforms.Build.0 = Debug|Any CPU
		{53846CDC-A3AE-4F7C-AB8C-F5FFF915DAC7}.Debug|x86.ActiveCfg = Debug|Any CPU
		{53846CDC-A3AE-4F7C-AB8C-F5FFF915DAC7}.Release|Any CPU.ActiveCfg = Release|Any CPU
		{53846CDC-A3AE-4F7C-AB8C-F5FFF915DAC7}.Release|Any CPU.Build.0 = Release|Any CPU
		{53846CDC-A3AE-4F7C-AB8C-F5FFF915DAC7}.Release|Mixed Platforms.ActiveCfg = Release|Any CPU
		{53846CDC-A3AE-4F7C-AB8C-F5FFF915DAC7}.Release|Mixed Platforms.Build.0 = Release|Any CPU
		{53846CDC-A3AE-4F7C-AB8C-F5FFF915DAC7}.Release|x86.ActiveCfg = Release|Any CPU
		{3F47CE84-DC17-42EB-ADD0-5C67292A6174}.Debug|Any CPU.ActiveCfg = Debug|Any CPU
		{3F47CE84-DC17-42EB-ADD0-5C67292A6174}.Debug|Any CPU.Build.0 = Debug|Any CPU
		{3F47CE84-DC17-42EB-ADD0-5C67292A6174}.Debug|Mixed Platforms.ActiveCfg = Debug|Any CPU
		{3F47CE84-DC17-42EB-ADD0-5C67292A6174}.Debug|Mixed Platforms.Build.0 = Debug|Any CPU
		{3F47CE84-DC17-42EB-ADD0-5C67292A6174}.Debug|x86.ActiveCfg = Debug|Any CPU
		{3F47CE84-DC17-42EB-ADD0-5C67292A6174}.Release|Any CPU.ActiveCfg = Release|Any CPU
		{3F47CE84-DC17-42EB-ADD0-5C67292A6174}.Release|Any CPU.Build.0 = Release|Any CPU
		{3F47CE84-DC17-42EB-ADD0-5C67292A6174}.Release|Mixed Platforms.ActiveCfg = Release|Any CPU
		{3F47CE84-DC17-42EB-ADD0-5C67292A6174}.Release|Mixed Platforms.Build.0 = Release|Any CPU
		{3F47CE84-DC17-42EB-ADD0-5C67292A6174}.Release|x86.ActiveCfg = Release|Any CPU
		{9ECE5E0A-E811-4CD6-A31E-BEFAE3520C8F}.Debug|Any CPU.ActiveCfg = Debug|x86
		{9ECE5E0A-E811-4CD6-A31E-BEFAE3520C8F}.Debug|Mixed Platforms.ActiveCfg = Debug|x86
		{9ECE5E0A-E811-4CD6-A31E-BEFAE3520C8F}.Debug|Mixed Platforms.Build.0 = Debug|x86
		{9ECE5E0A-E811-4CD6-A31E-BEFAE3520C8F}.Debug|x86.ActiveCfg = Debug|x86
		{9ECE5E0A-E811-4CD6-A31E-BEFAE3520C8F}.Debug|x86.Build.0 = Debug|x86
		{9ECE5E0A-E811-4CD6-A31E-BEFAE3520C8F}.Release|Any CPU.ActiveCfg = Release|x86
		{9ECE5E0A-E811-4CD6-A31E-BEFAE3520C8F}.Release|Mixed Platforms.ActiveCfg = Release|x86
		{9ECE5E0A-E811-4CD6-A31E-BEFAE3520C8F}.Release|Mixed Platforms.Build.0 = Release|x86
		{9ECE5E0A-E811-4CD6-A31E-BEFAE3520C8F}.Release|x86.ActiveCfg = Release|x86
		{9ECE5E0A-E811-4CD6-A31E-BEFAE3520C8F}.Release|x86.Build.0 = Release|x86
	EndGlobalSection
	GlobalSection(SolutionProperties) = preSolution
		HideSolutionNode = FALSE
	EndGlobalSection
	GlobalSection(NestedProjects) = preSolution
		{58711D0F-99B7-4461-857F-96880DA462FC} = {25D36DAA-6B84-414D-BA64-0528CB49E2F4}
		{779A1D0F-AB67-45D4-B61E-24ED41E20266} = {66D08B0D-FA48-498B-B535-CA5C8491E8D4}
		{E30F4730-2370-4961-A9EC-5FA3F459D549} = {66D08B0D-FA48-498B-B535-CA5C8491E8D4}
		{057F8614-06F2-40C6-B47C-ED5BAC214D0B} = {083FEE64-8E5F-41EB-B6A7-8CD0D684CCA9}
		{9ECE5E0A-E811-4CD6-A31E-BEFAE3520C8F} = {083FEE64-8E5F-41EB-B6A7-8CD0D684CCA9}
		{92CAB138-FA78-42F0-AE2C-B0E085675859} = {06EDF403-21A2-41B6-AA5B-40516B412273}
		{5183F818-E07D-4DAF-81E8-780EF39D3DE3} = {06EDF403-21A2-41B6-AA5B-40516B412273}
		{891B7D30-BA1F-4975-B6CC-718929247234} = {06EDF403-21A2-41B6-AA5B-40516B412273}
		{BFD598EC-AF7A-4691-95D0-60302218CDF6} = {0852B3D2-3970-416E-B96C-844BD903DF91}
		{830D4E46-E0F7-4104-9287-5D352BF59E3F} = {0852B3D2-3970-416E-B96C-844BD903DF91}
		{53846CDC-A3AE-4F7C-AB8C-F5FFF915DAC7} = {0852B3D2-3970-416E-B96C-844BD903DF91}
		{3F47CE84-DC17-42EB-ADD0-5C67292A6174} = {0852B3D2-3970-416E-B96C-844BD903DF91}
	EndGlobalSection
	GlobalSection(ExtensibilityGlobals) = postSolution
		EnterpriseLibraryConfigurationToolBinariesPath = packages\Unity.2.1.505.0\lib\NET35;packages\Unity.Interception.2.1.505.0\lib\NET35;packages\EnterpriseLibrary.Common.5.0.505.0\lib\NET35;packages\EnterpriseLibrary.ExceptionHandling.5.0.505.0\lib\NET35;packages\EnterpriseLibrary.Logging.5.0.505.1\lib\NET35;packages\EnterpriseLibrary.ExceptionHandling.Logging.5.0.505.0\lib\NET35
	EndGlobalSection
EndGlobal
