
Microsoft Visual Studio Solution File, Format Version 11.00
# Visual Studio 2010
Project("{FAE04EC0-301F-11D3-BF4B-00C04F79EFBC}") = "YAEM.MobileClient", "..\YAEM.MobileClient\YAEM.MobileClient.csproj", "{5183F818-E07D-4DAF-81E8-780EF39D3DE3}"
EndProject
Project("{FAE04EC0-301F-11D3-BF4B-00C04F79EFBC}") = "YAEM.Domain.SL", "..\..\Server\YAEM.Domain.SL\YAEM.Domain.SL.csproj", "{779A1D0F-AB67-45D4-B61E-24ED41E20266}"
EndProject
Global
	GlobalSection(SolutionConfigurationPlatforms) = preSolution
		Debug|Any CPU = Debug|Any CPU
		Release|Any CPU = Release|Any CPU
	EndGlobalSection
	GlobalSection(ProjectConfigurationPlatforms) = postSolution
		{5183F818-E07D-4DAF-81E8-780EF39D3DE3}.Debug|Any CPU.ActiveCfg = Debug|Any CPU
		{5183F818-E07D-4DAF-81E8-780EF39D3DE3}.Debug|Any CPU.Build.0 = Debug|Any CPU
		{5183F818-E07D-4DAF-81E8-780EF39D3DE3}.Debug|Any CPU.Deploy.0 = Debug|Any CPU
		{5183F818-E07D-4DAF-81E8-780EF39D3DE3}.Release|Any CPU.ActiveCfg = Release|Any CPU
		{5183F818-E07D-4DAF-81E8-780EF39D3DE3}.Release|Any CPU.Build.0 = Release|Any CPU
		{5183F818-E07D-4DAF-81E8-780EF39D3DE3}.Release|Any CPU.Deploy.0 = Release|Any CPU
		{779A1D0F-AB67-45D4-B61E-24ED41E20266}.Debug|Any CPU.ActiveCfg = Debug|Any CPU
		{779A1D0F-AB67-45D4-B61E-24ED41E20266}.Debug|Any CPU.Build.0 = Debug|Any CPU
		{779A1D0F-AB67-45D4-B61E-24ED41E20266}.Release|Any CPU.ActiveCfg = Release|Any CPU
		{779A1D0F-AB67-45D4-B61E-24ED41E20266}.Release|Any CPU.Build.0 = Release|Any CPU
	EndGlobalSection
	GlobalSection(SolutionProperties) = preSolution
		HideSolutionNode = FALSE
	EndGlobalSection
EndGlobal
